// !$*UTF8*$!
{
	archiveVersion = 1;
	classes = {
	};
	objectVersion = 46;
	objects = {

/* Begin PBXBuildFile section */
		8EA6BC8118D3624C004219F9 /* Cocoa.framework in Frameworks */ = {isa = PBXBuildFile; fileRef = 8EA6BC8018D3624C004219F9 /* Cocoa.framework */; };
		8EA6BC8B18D3624C004219F9 /* InfoPlist.strings in Resources */ = {isa = PBXBuildFile; fileRef = 8EA6BC8918D3624C004219F9 /* InfoPlist.strings */; };
		8EA6BC8D18D3624C004219F9 /* main.m in Sources */ = {isa = PBXBuildFile; fileRef = 8EA6BC8C18D3624C004219F9 /* main.m */; };
		8EA6BC9118D3624C004219F9 /* Credits.rtf in Resources */ = {isa = PBXBuildFile; fileRef = 8EA6BC8F18D3624C004219F9 /* Credits.rtf */; };
		8EA6BC9418D3624C004219F9 /* AppDelegate.m in Sources */ = {isa = PBXBuildFile; fileRef = 8EA6BC9318D3624C004219F9 /* AppDelegate.m */; };
		8EA6BC9718D3624C004219F9 /* MainMenu.xib in Resources */ = {isa = PBXBuildFile; fileRef = 8EA6BC9518D3624C004219F9 /* MainMenu.xib */; };
		8EA6BC9918D3624C004219F9 /* Images.xcassets in Resources */ = {isa = PBXBuildFile; fileRef = 8EA6BC9818D3624C004219F9 /* Images.xcassets */; };
		8EA6BCA018D3624C004219F9 /* XCTest.framework in Frameworks */ = {isa = PBXBuildFile; fileRef = 8EA6BC9F18D3624C004219F9 /* XCTest.framework */; };
		8EA6BCA118D3624C004219F9 /* Cocoa.framework in Frameworks */ = {isa = PBXBuildFile; fileRef = 8EA6BC8018D3624C004219F9 /* Cocoa.framework */; };
		8EA6BCA918D3624C004219F9 /* InfoPlist.strings in Resources */ = {isa = PBXBuildFile; fileRef = 8EA6BCA718D3624C004219F9 /* InfoPlist.strings */; };
		8EA6BCAB18D3624C004219F9 /* MAMforRSTests.m in Sources */ = {isa = PBXBuildFile; fileRef = 8EA6BCAA18D3624C004219F9 /* MAMforRSTests.m */; };
		8EA6BCB618D36263004219F9 /* BasicOpenGLView.m in Sources */ = {isa = PBXBuildFile; fileRef = 8EA6BCB518D36263004219F9 /* BasicOpenGLView.m */; };
		8EA6BCC518D36286004219F9 /* Item.m in Sources */ = {isa = PBXBuildFile; fileRef = 8EA6BCB818D36286004219F9 /* Item.m */; };
		8EA6BCC618D36286004219F9 /* PointInGlobal.m in Sources */ = {isa = PBXBuildFile; fileRef = 8EA6BCBA18D36286004219F9 /* PointInGlobal.m */; };
		8EA6BCC718D36286004219F9 /* ProgramController.m in Sources */ = {isa = PBXBuildFile; fileRef = 8EA6BCBC18D36286004219F9 /* ProgramController.m */; };
		8EA6BCC818D36286004219F9 /* SectionArray.m in Sources */ = {isa = PBXBuildFile; fileRef = 8EA6BCBE18D36286004219F9 /* SectionArray.m */; };
		8EA6BCC918D36286004219F9 /* trackball.c in Sources */ = {isa = PBXBuildFile; fileRef = 8EA6BCBF18D36286004219F9 /* trackball.c */; };
		8EA6BCCA18D36286004219F9 /* User.m in Sources */ = {isa = PBXBuildFile; fileRef = 8EA6BCC218D36286004219F9 /* User.m */; };
		8EA6BCCB18D36286004219F9 /* Vector.m in Sources */ = {isa = PBXBuildFile; fileRef = 8EA6BCC418D36286004219F9 /* Vector.m */; };
		8EA6BCD018D36338004219F9 /* OpenGL.framework in Frameworks */ = {isa = PBXBuildFile; fileRef = 8EA6BCCF18D36338004219F9 /* OpenGL.framework */; };
		8EA6BCD218D36A63004219F9 /* GLUT.framework in Frameworks */ = {isa = PBXBuildFile; fileRef = 8EA6BCD118D36A63004219F9 /* GLUT.framework */; };
		8EC2F1D018D686E5005526AF /* ViewWindow.xib in Resources */ = {isa = PBXBuildFile; fileRef = 8EC2F1CF18D686E5005526AF /* ViewWindow.xib */; };
		8EC2F1D318D687EC005526AF /* ViewWindowController.m in Sources */ = {isa = PBXBuildFile; fileRef = 8EC2F1D218D687EC005526AF /* ViewWindowController.m */; };
/* End PBXBuildFile section */

/* Begin PBXContainerItemProxy section */
		8EA6BCA218D3624C004219F9 /* PBXContainerItemProxy */ = {
			isa = PBXContainerItemProxy;
			containerPortal = 8EA6BC7518D3624C004219F9 /* Project object */;
			proxyType = 1;
			remoteGlobalIDString = 8EA6BC7C18D3624C004219F9;
			remoteInfo = MAMforRS;
		};
/* End PBXContainerItemProxy section */

/* Begin PBXFileReference section */
		8EA6BC7D18D3624C004219F9 /* MAMforRS.app */ = {isa = PBXFileReference; explicitFileType = wrapper.application; includeInIndex = 0; path = MAMforRS.app; sourceTree = BUILT_PRODUCTS_DIR; };
		8EA6BC8018D3624C004219F9 /* Cocoa.framework */ = {isa = PBXFileReference; lastKnownFileType = wrapper.framework; name = Cocoa.framework; path = System/Library/Frameworks/Cocoa.framework; sourceTree = SDKROOT; };
		8EA6BC8318D3624C004219F9 /* AppKit.framework */ = {isa = PBXFileReference; lastKnownFileType = wrapper.framework; name = AppKit.framework; path = System/Library/Frameworks/AppKit.framework; sourceTree = SDKROOT; };
		8EA6BC8418D3624C004219F9 /* CoreData.framework */ = {isa = PBXFileReference; lastKnownFileType = wrapper.framework; name = CoreData.framework; path = System/Library/Frameworks/CoreData.framework; sourceTree = SDKROOT; };
		8EA6BC8518D3624C004219F9 /* Foundation.framework */ = {isa = PBXFileReference; lastKnownFileType = wrapper.framework; name = Foundation.framework; path = System/Library/Frameworks/Foundation.framework; sourceTree = SDKROOT; };
		8EA6BC8818D3624C004219F9 /* MAMforRS-Info.plist */ = {isa = PBXFileReference; lastKnownFileType = text.plist.xml; path = "MAMforRS-Info.plist"; sourceTree = "<group>"; };
		8EA6BC8A18D3624C004219F9 /* en */ = {isa = PBXFileReference; lastKnownFileType = text.plist.strings; name = en; path = en.lproj/InfoPlist.strings; sourceTree = "<group>"; };
		8EA6BC8C18D3624C004219F9 /* main.m */ = {isa = PBXFileReference; lastKnownFileType = sourcecode.c.objc; path = main.m; sourceTree = "<group>"; };
		8EA6BC8E18D3624C004219F9 /* MAMforRS-Prefix.pch */ = {isa = PBXFileReference; lastKnownFileType = sourcecode.c.h; path = "MAMforRS-Prefix.pch"; sourceTree = "<group>"; };
		8EA6BC9018D3624C004219F9 /* en */ = {isa = PBXFileReference; lastKnownFileType = text.rtf; name = en; path = en.lproj/Credits.rtf; sourceTree = "<group>"; };
		8EA6BC9218D3624C004219F9 /* AppDelegate.h */ = {isa = PBXFileReference; lastKnownFileType = sourcecode.c.h; path = AppDelegate.h; sourceTree = "<group>"; };
		8EA6BC9318D3624C004219F9 /* AppDelegate.m */ = {isa = PBXFileReference; lastKnownFileType = sourcecode.c.objc; path = AppDelegate.m; sourceTree = "<group>"; };
		8EA6BC9618D3624C004219F9 /* Base */ = {isa = PBXFileReference; lastKnownFileType = file.xib; name = Base; path = Base.lproj/MainMenu.xib; sourceTree = "<group>"; };
		8EA6BC9818D3624C004219F9 /* Images.xcassets */ = {isa = PBXFileReference; lastKnownFileType = folder.assetcatalog; path = Images.xcassets; sourceTree = "<group>"; };
		8EA6BC9E18D3624C004219F9 /* MAMforRSTests.xctest */ = {isa = PBXFileReference; explicitFileType = wrapper.cfbundle; includeInIndex = 0; path = MAMforRSTests.xctest; sourceTree = BUILT_PRODUCTS_DIR; };
		8EA6BC9F18D3624C004219F9 /* XCTest.framework */ = {isa = PBXFileReference; lastKnownFileType = wrapper.framework; name = XCTest.framework; path = Library/Frameworks/XCTest.framework; sourceTree = DEVELOPER_DIR; };
		8EA6BCA618D3624C004219F9 /* MAMforRSTests-Info.plist */ = {isa = PBXFileReference; lastKnownFileType = text.plist.xml; path = "MAMforRSTests-Info.plist"; sourceTree = "<group>"; };
		8EA6BCA818D3624C004219F9 /* en */ = {isa = PBXFileReference; lastKnownFileType = text.plist.strings; name = en; path = en.lproj/InfoPlist.strings; sourceTree = "<group>"; };
		8EA6BCAA18D3624C004219F9 /* MAMforRSTests.m */ = {isa = PBXFileReference; lastKnownFileType = sourcecode.c.objc; path = MAMforRSTests.m; sourceTree = "<group>"; };
		8EA6BCB418D36263004219F9 /* BasicOpenGLView.h */ = {isa = PBXFileReference; fileEncoding = 4; lastKnownFileType = sourcecode.c.h; path = BasicOpenGLView.h; sourceTree = "<group>"; };
		8EA6BCB518D36263004219F9 /* BasicOpenGLView.m */ = {isa = PBXFileReference; fileEncoding = 4; lastKnownFileType = sourcecode.c.objc; path = BasicOpenGLView.m; sourceTree = "<group>"; };
		8EA6BCB718D36286004219F9 /* Item.h */ = {isa = PBXFileReference; fileEncoding = 4; lastKnownFileType = sourcecode.c.h; path = Item.h; sourceTree = "<group>"; };
		8EA6BCB818D36286004219F9 /* Item.m */ = {isa = PBXFileReference; fileEncoding = 4; lastKnownFileType = sourcecode.c.objc; path = Item.m; sourceTree = "<group>"; };
		8EA6BCB918D36286004219F9 /* PointInGlobal.h */ = {isa = PBXFileReference; fileEncoding = 4; lastKnownFileType = sourcecode.c.h; path = PointInGlobal.h; sourceTree = "<group>"; };
		8EA6BCBA18D36286004219F9 /* PointInGlobal.m */ = {isa = PBXFileReference; fileEncoding = 4; lastKnownFileType = sourcecode.c.objc; path = PointInGlobal.m; sourceTree = "<group>"; };
		8EA6BCBB18D36286004219F9 /* ProgramController.h */ = {isa = PBXFileReference; fileEncoding = 4; lastKnownFileType = sourcecode.c.h; path = ProgramController.h; sourceTree = "<group>"; };
		8EA6BCBC18D36286004219F9 /* ProgramController.m */ = {isa = PBXFileReference; fileEncoding = 4; lastKnownFileType = sourcecode.c.objc; path = ProgramController.m; sourceTree = "<group>"; };
		8EA6BCBD18D36286004219F9 /* SectionArray.h */ = {isa = PBXFileReference; fileEncoding = 4; lastKnownFileType = sourcecode.c.h; path = SectionArray.h; sourceTree = "<group>"; };
		8EA6BCBE18D36286004219F9 /* SectionArray.m */ = {isa = PBXFileReference; fileEncoding = 4; lastKnownFileType = sourcecode.c.objc; path = SectionArray.m; sourceTree = "<group>"; };
		8EA6BCBF18D36286004219F9 /* trackball.c */ = {isa = PBXFileReference; fileEncoding = 4; lastKnownFileType = sourcecode.c.c; path = trackball.c; sourceTree = "<group>"; };
		8EA6BCC018D36286004219F9 /* trackball.h */ = {isa = PBXFileReference; fileEncoding = 4; lastKnownFileType = sourcecode.c.h; path = trackball.h; sourceTree = "<group>"; };
		8EA6BCC118D36286004219F9 /* User.h */ = {isa = PBXFileReference; fileEncoding = 4; lastKnownFileType = sourcecode.c.h; path = User.h; sourceTree = "<group>"; };
		8EA6BCC218D36286004219F9 /* User.m */ = {isa = PBXFileReference; fileEncoding = 4; lastKnownFileType = sourcecode.c.objc; path = User.m; sourceTree = "<group>"; };
		8EA6BCC318D36286004219F9 /* Vector.h */ = {isa = PBXFileReference; fileEncoding = 4; lastKnownFileType = sourcecode.c.h; path = Vector.h; sourceTree = "<group>"; };
		8EA6BCC418D36286004219F9 /* Vector.m */ = {isa = PBXFileReference; fileEncoding = 4; lastKnownFileType = sourcecode.c.objc; path = Vector.m; sourceTree = "<group>"; };
		8EA6BCCF18D36338004219F9 /* OpenGL.framework */ = {isa = PBXFileReference; lastKnownFileType = wrapper.framework; name = OpenGL.framework; path = System/Library/Frameworks/OpenGL.framework; sourceTree = SDKROOT; };
		8EA6BCD118D36A63004219F9 /* GLUT.framework */ = {isa = PBXFileReference; lastKnownFileType = wrapper.framework; name = GLUT.framework; path = System/Library/Frameworks/GLUT.framework; sourceTree = SDKROOT; };
		8EC2F1CF18D686E5005526AF /* ViewWindow.xib */ = {isa = PBXFileReference; fileEncoding = 4; lastKnownFileType = file.xib; path = ViewWindow.xib; sourceTree = "<group>"; };
		8EC2F1D118D687EC005526AF /* ViewWindowController.h */ = {isa = PBXFileReference; fileEncoding = 4; lastKnownFileType = sourcecode.c.h; path = ViewWindowController.h; sourceTree = "<group>"; };
		8EC2F1D218D687EC005526AF /* ViewWindowController.m */ = {isa = PBXFileReference; fileEncoding = 4; lastKnownFileType = sourcecode.c.objc; path = ViewWindowController.m; sourceTree = "<group>"; };
/* End PBXFileReference section */

/* Begin PBXFrameworksBuildPhase section */
		8EA6BC7A18D3624C004219F9 /* Frameworks */ = {
			isa = PBXFrameworksBuildPhase;
			buildActionMask = 2147483647;
			files = (
				8EA6BCD218D36A63004219F9 /* GLUT.framework in Frameworks */,
				8EA6BCD018D36338004219F9 /* OpenGL.framework in Frameworks */,
				8EA6BC8118D3624C004219F9 /* Cocoa.framework in Frameworks */,
			);
			runOnlyForDeploymentPostprocessing = 0;
		};
		8EA6BC9B18D3624C004219F9 /* Frameworks */ = {
			isa = PBXFrameworksBuildPhase;
			buildActionMask = 2147483647;
			files = (
				8EA6BCA118D3624C004219F9 /* Cocoa.framework in Frameworks */,
				8EA6BCA018D3624C004219F9 /* XCTest.framework in Frameworks */,
			);
			runOnlyForDeploymentPostprocessing = 0;
		};
/* End PBXFrameworksBuildPhase section */

/* Begin PBXGroup section */
		8EA6BC7418D3624C004219F9 = {
			isa = PBXGroup;
			children = (
				8EA6BC8618D3624C004219F9 /* MAMforRS */,
				8EA6BCA418D3624C004219F9 /* MAMforRSTests */,
				8EA6BC7F18D3624C004219F9 /* Frameworks */,
				8EA6BC7E18D3624C004219F9 /* Products */,
			);
			sourceTree = "<group>";
		};
		8EA6BC7E18D3624C004219F9 /* Products */ = {
			isa = PBXGroup;
			children = (
				8EA6BC7D18D3624C004219F9 /* MAMforRS.app */,
				8EA6BC9E18D3624C004219F9 /* MAMforRSTests.xctest */,
			);
			name = Products;
			sourceTree = "<group>";
		};
		8EA6BC7F18D3624C004219F9 /* Frameworks */ = {
			isa = PBXGroup;
			children = (
				8EA6BCD118D36A63004219F9 /* GLUT.framework */,
				8EA6BCCF18D36338004219F9 /* OpenGL.framework */,
				8EA6BC8018D3624C004219F9 /* Cocoa.framework */,
				8EA6BC9F18D3624C004219F9 /* XCTest.framework */,
				8EA6BC8218D3624C004219F9 /* Other Frameworks */,
			);
			name = Frameworks;
			sourceTree = "<group>";
		};
		8EA6BC8218D3624C004219F9 /* Other Frameworks */ = {
			isa = PBXGroup;
			children = (
				8EA6BC8318D3624C004219F9 /* AppKit.framework */,
				8EA6BC8418D3624C004219F9 /* CoreData.framework */,
				8EA6BC8518D3624C004219F9 /* Foundation.framework */,
			);
			name = "Other Frameworks";
			sourceTree = "<group>";
		};
		8EA6BC8618D3624C004219F9 /* MAMforRS */ = {
			isa = PBXGroup;
			children = (
				8EA6BC9218D3624C004219F9 /* AppDelegate.h */,
				8EA6BC9318D3624C004219F9 /* AppDelegate.m */,
				8EC2F1D118D687EC005526AF /* ViewWindowController.h */,
				8EC2F1D218D687EC005526AF /* ViewWindowController.m */,
				8EA6BC9518D3624C004219F9 /* MainMenu.xib */,
				8EC2F1CF18D686E5005526AF /* ViewWindow.xib */,
				8EA6BCCE18D362BC004219F9 /* Utilities */,
				8EA6BCCC18D36299004219F9 /* Agents */,
				8EA6BCCD18D362AD004219F9 /* SubClass */,
				8EA6BCBB18D36286004219F9 /* ProgramController.h */,
				8EA6BCBC18D36286004219F9 /* ProgramController.m */,
				8EA6BCB418D36263004219F9 /* BasicOpenGLView.h */,
				8EA6BCB518D36263004219F9 /* BasicOpenGLView.m */,
				8EA6BC9818D3624C004219F9 /* Images.xcassets */,
				8EA6BC8718D3624C004219F9 /* Supporting Files */,
			);
			path = MAMforRS;
			sourceTree = "<group>";
		};
		8EA6BC8718D3624C004219F9 /* Supporting Files */ = {
			isa = PBXGroup;
			children = (
				8EA6BC8818D3624C004219F9 /* MAMforRS-Info.plist */,
				8EA6BC8918D3624C004219F9 /* InfoPlist.strings */,
				8EA6BC8C18D3624C004219F9 /* main.m */,
				8EA6BC8E18D3624C004219F9 /* MAMforRS-Prefix.pch */,
				8EA6BC8F18D3624C004219F9 /* Credits.rtf */,
			);
			name = "Supporting Files";
			sourceTree = "<group>";
		};
		8EA6BCA418D3624C004219F9 /* MAMforRSTests */ = {
			isa = PBXGroup;
			children = (
				8EA6BCAA18D3624C004219F9 /* MAMforRSTests.m */,
				8EA6BCA518D3624C004219F9 /* Supporting Files */,
			);
			path = MAMforRSTests;
			sourceTree = "<group>";
		};
		8EA6BCA518D3624C004219F9 /* Supporting Files */ = {
			isa = PBXGroup;
			children = (
				8EA6BCA618D3624C004219F9 /* MAMforRSTests-Info.plist */,
				8EA6BCA718D3624C004219F9 /* InfoPlist.strings */,
			);
			name = "Supporting Files";
			sourceTree = "<group>";
		};
		8EA6BCCC18D36299004219F9 /* Agents */ = {
			isa = PBXGroup;
			children = (
				8EA6BCB718D36286004219F9 /* Item.h */,
				8EA6BCB818D36286004219F9 /* Item.m */,
				8EA6BCC118D36286004219F9 /* User.h */,
				8EA6BCC218D36286004219F9 /* User.m */,
			);
			name = Agents;
			sourceTree = "<group>";
		};
		8EA6BCCD18D362AD004219F9 /* SubClass */ = {
			isa = PBXGroup;
			children = (
				8EA6BCB918D36286004219F9 /* PointInGlobal.h */,
				8EA6BCBA18D36286004219F9 /* PointInGlobal.m */,
				8EA6BCBD18D36286004219F9 /* SectionArray.h */,
				8EA6BCBE18D36286004219F9 /* SectionArray.m */,
				8EA6BCC318D36286004219F9 /* Vector.h */,
				8EA6BCC418D36286004219F9 /* Vector.m */,
			);
			name = SubClass;
			sourceTree = "<group>";
		};
		8EA6BCCE18D362BC004219F9 /* Utilities */ = {
			isa = PBXGroup;
			children = (
				8EA6BCBF18D36286004219F9 /* trackball.c */,
				8EA6BCC018D36286004219F9 /* trackball.h */,
			);
			name = Utilities;
			sourceTree = "<group>";
		};
/* End PBXGroup section */

/* Begin PBXNativeTarget section */
		8EA6BC7C18D3624C004219F9 /* MAMforRS */ = {
			isa = PBXNativeTarget;
			buildConfigurationList = 8EA6BCAE18D3624C004219F9 /* Build configuration list for PBXNativeTarget "MAMforRS" */;
			buildPhases = (
				8EA6BC7918D3624C004219F9 /* Sources */,
				8EA6BC7A18D3624C004219F9 /* Frameworks */,
				8EA6BC7B18D3624C004219F9 /* Resources */,
			);
			buildRules = (
			);
			dependencies = (
			);
			name = MAMforRS;
			productName = MAMforRS;
			productReference = 8EA6BC7D18D3624C004219F9 /* MAMforRS.app */;
			productType = "com.apple.product-type.application";
		};
		8EA6BC9D18D3624C004219F9 /* MAMforRSTests */ = {
			isa = PBXNativeTarget;
			buildConfigurationList = 8EA6BCB118D3624C004219F9 /* Build configuration list for PBXNativeTarget "MAMforRSTests" */;
			buildPhases = (
				8EA6BC9A18D3624C004219F9 /* Sources */,
				8EA6BC9B18D3624C004219F9 /* Frameworks */,
				8EA6BC9C18D3624C004219F9 /* Resources */,
			);
			buildRules = (
			);
			dependencies = (
				8EA6BCA318D3624C004219F9 /* PBXTargetDependency */,
			);
			name = MAMforRSTests;
			productName = MAMforRSTests;
			productReference = 8EA6BC9E18D3624C004219F9 /* MAMforRSTests.xctest */;
			productType = "com.apple.product-type.bundle.unit-test";
		};
/* End PBXNativeTarget section */

/* Begin PBXProject section */
		8EA6BC7518D3624C004219F9 /* Project object */ = {
			isa = PBXProject;
			attributes = {
				LastUpgradeCheck = 0500;
				ORGANIZATIONNAME = "MAC PRO";
				TargetAttributes = {
					8EA6BC9D18D3624C004219F9 = {
						TestTargetID = 8EA6BC7C18D3624C004219F9;
					};
				};
			};
			buildConfigurationList = 8EA6BC7818D3624C004219F9 /* Build configuration list for PBXProject "MAMforRS" */;
			compatibilityVersion = "Xcode 3.2";
			developmentRegion = English;
			hasScannedForEncodings = 0;
			knownRegions = (
				en,
				Base,
			);
			mainGroup = 8EA6BC7418D3624C004219F9;
			productRefGroup = 8EA6BC7E18D3624C004219F9 /* Products */;
			projectDirPath = "";
			projectRoot = "";
			targets = (
				8EA6BC7C18D3624C004219F9 /* MAMforRS */,
				8EA6BC9D18D3624C004219F9 /* MAMforRSTests */,
			);
		};
/* End PBXProject section */

/* Begin PBXResourcesBuildPhase section */
		8EA6BC7B18D3624C004219F9 /* Resources */ = {
			isa = PBXResourcesBuildPhase;
			buildActionMask = 2147483647;
			files = (
				8EA6BC8B18D3624C004219F9 /* InfoPlist.strings in Resources */,
				8EC2F1D018D686E5005526AF /* ViewWindow.xib in Resources */,
				8EA6BC9918D3624C004219F9 /* Images.xcassets in Resources */,
				8EA6BC9118D3624C004219F9 /* Credits.rtf in Resources */,
				8EA6BC9718D3624C004219F9 /* MainMenu.xib in Resources */,
			);
			runOnlyForDeploymentPostprocessing = 0;
		};
		8EA6BC9C18D3624C004219F9 /* Resources */ = {
			isa = PBXResourcesBuildPhase;
			buildActionMask = 2147483647;
			files = (
				8EA6BCA918D3624C004219F9 /* InfoPlist.strings in Resources */,
			);
			runOnlyForDeploymentPostprocessing = 0;
		};
/* End PBXResourcesBuildPhase section */

/* Begin PBXSourcesBuildPhase section */
		8EA6BC7918D3624C004219F9 /* Sources */ = {
			isa = PBXSourcesBuildPhase;
			buildActionMask = 2147483647;
			files = (
				8EA6BCC518D36286004219F9 /* Item.m in Sources */,
				8EA6BCB618D36263004219F9 /* BasicOpenGLView.m in Sources */,
				8EA6BCCA18D36286004219F9 /* User.m in Sources */,
				8EA6BCC718D36286004219F9 /* ProgramController.m in Sources */,
				8EA6BCCB18D36286004219F9 /* Vector.m in Sources */,
				8EA6BCC618D36286004219F9 /* PointInGlobal.m in Sources */,
				8EC2F1D318D687EC005526AF /* ViewWindowController.m in Sources */,
				8EA6BCC918D36286004219F9 /* trackball.c in Sources */,
				8EA6BCC818D36286004219F9 /* SectionArray.m in Sources */,
				8EA6BC9418D3624C004219F9 /* AppDelegate.m in Sources */,
				8EA6BC8D18D3624C004219F9 /* main.m in Sources */,
			);
			runOnlyForDeploymentPostprocessing = 0;
		};
		8EA6BC9A18D3624C004219F9 /* Sources */ = {
			isa = PBXSourcesBuildPhase;
			buildActionMask = 2147483647;
			files = (
				8EA6BCAB18D3624C004219F9 /* MAMforRSTests.m in Sources */,
			);
			runOnlyForDeploymentPostprocessing = 0;
		};
/* End PBXSourcesBuildPhase section */

/* Begin PBXTargetDependency section */
		8EA6BCA318D3624C004219F9 /* PBXTargetDependency */ = {
			isa = PBXTargetDependency;
			target = 8EA6BC7C18D3624C004219F9 /* MAMforRS */;
			targetProxy = 8EA6BCA218D3624C004219F9 /* PBXContainerItemProxy */;
		};
/* End PBXTargetDependency section */

/* Begin PBXVariantGroup section */
		8EA6BC8918D3624C004219F9 /* InfoPlist.strings */ = {
			isa = PBXVariantGroup;
			children = (
				8EA6BC8A18D3624C004219F9 /* en */,
			);
			name = InfoPlist.strings;
			sourceTree = "<group>";
		};
		8EA6BC8F18D3624C004219F9 /* Credits.rtf */ = {
			isa = PBXVariantGroup;
			children = (
				8EA6BC9018D3624C004219F9 /* en */,
			);
			name = Credits.rtf;
			sourceTree = "<group>";
		};
		8EA6BC9518D3624C004219F9 /* MainMenu.xib */ = {
			isa = PBXVariantGroup;
			children = (
				8EA6BC9618D3624C004219F9 /* Base */,
			);
			name = MainMenu.xib;
			sourceTree = "<group>";
		};
		8EA6BCA718D3624C004219F9 /* InfoPlist.strings */ = {
			isa = PBXVariantGroup;
			children = (
				8EA6BCA818D3624C004219F9 /* en */,
			);
			name = InfoPlist.strings;
			sourceTree = "<group>";
		};
/* End PBXVariantGroup section */

/* Begin XCBuildConfiguration section */
		8EA6BCAC18D3624C004219F9 /* Debug */ = {
			isa = XCBuildConfiguration;
			buildSettings = {
				ALWAYS_SEARCH_USER_PATHS = NO;
				CLANG_CXX_LANGUAGE_STANDARD = "gnu++0x";
				CLANG_CXX_LIBRARY = "libc++";
				CLANG_ENABLE_OBJC_ARC = YES;
				CLANG_WARN_BOOL_CONVERSION = YES;
				CLANG_WARN_CONSTANT_CONVERSION = YES;
				CLANG_WARN_DIRECT_OBJC_ISA_USAGE = YES_ERROR;
				CLANG_WARN_EMPTY_BODY = YES;
				CLANG_WARN_ENUM_CONVERSION = YES;
				CLANG_WARN_INT_CONVERSION = YES;
				CLANG_WARN_OBJC_ROOT_CLASS = YES_ERROR;
				CLANG_WARN__DUPLICATE_METHOD_MATCH = YES;
				COPY_PHASE_STRIP = NO;
				GCC_C_LANGUAGE_STANDARD = gnu99;
				GCC_DYNAMIC_NO_PIC = NO;
				GCC_ENABLE_OBJC_EXCEPTIONS = YES;
				GCC_OPTIMIZATION_LEVEL = 0;
				GCC_PREPROCESSOR_DEFINITIONS = (
					"DEBUG=1",
					"$(inherited)",
				);
				GCC_SYMBOLS_PRIVATE_EXTERN = NO;
				GCC_WARN_64_TO_32_BIT_CONVERSION = YES;
				GCC_WARN_ABOUT_RETURN_TYPE = YES_ERROR;
				GCC_WARN_UNDECLARED_SELECTOR = YES;
				GCC_WARN_UNINITIALIZED_AUTOS = YES;
				GCC_WARN_UNUSED_FUNCTION = YES;
				GCC_WARN_UNUSED_VARIABLE = YES;
				MACOSX_DEPLOYMENT_TARGET = 10.9;
				ONLY_ACTIVE_ARCH = YES;
				SDKROOT = macosx;
			};
			name = Debug;
		};
		8EA6BCAD18D3624C004219F9 /* Release */ = {
			isa = XCBuildConfiguration;
			buildSettings = {
				ALWAYS_SEARCH_USER_PATHS = NO;
				CLANG_CXX_LANGUAGE_STANDARD = "gnu++0x";
				CLANG_CXX_LIBRARY = "libc++";
				CLANG_ENABLE_OBJC_ARC = YES;
				CLANG_WARN_BOOL_CONVERSION = YES;
				CLANG_WARN_CONSTANT_CONVERSION = YES;
				CLANG_WARN_DIRECT_OBJC_ISA_USAGE = YES_ERROR;
				CLANG_WARN_EMPTY_BODY = YES;
				CLANG_WARN_ENUM_CONVERSION = YES;
				CLANG_WARN_INT_CONVERSION = YES;
				CLANG_WARN_OBJC_ROOT_CLASS = YES_ERROR;
				CLANG_WARN__DUPLICATE_METHOD_MATCH = YES;
				COPY_PHASE_STRIP = YES;
				DEBUG_INFORMATION_FORMAT = "dwarf-with-dsym";
				ENABLE_NS_ASSERTIONS = NO;
				GCC_C_LANGUAGE_STANDARD = gnu99;
				GCC_ENABLE_OBJC_EXCEPTIONS = YES;
				GCC_WARN_64_TO_32_BIT_CONVERSION = YES;
				GCC_WARN_ABOUT_RETURN_TYPE = YES_ERROR;
				GCC_WARN_UNDECLARED_SELECTOR = YES;
				GCC_WARN_UNINITIALIZED_AUTOS = YES;
				GCC_WARN_UNUSED_FUNCTION = YES;
				GCC_WARN_UNUSED_VARIABLE = YES;
				MACOSX_DEPLOYMENT_TARGET = 10.9;
				SDKROOT = macosx;
			};
			name = Release;
		};
		8EA6BCAF18D3624C004219F9 /* Debug */ = {
			isa = XCBuildConfiguration;
			buildSettings = {
				ASSETCATALOG_COMPILER_APPICON_NAME = AppIcon;
				COMBINE_HIDPI_IMAGES = YES;
				GCC_PRECOMPILE_PREFIX_HEADER = YES;
				GCC_PREFIX_HEADER = "MAMforRS/MAMforRS-Prefix.pch";
				INFOPLIST_FILE = "MAMforRS/MAMforRS-Info.plist";
				MACOSX_DEPLOYMENT_TARGET = 10.9;
				PRODUCT_NAME = "$(TARGET_NAME)";
				WRAPPER_EXTENSION = app;
			};
			name = Debug;
		};
		8EA6BCB018D3624C004219F9 /* Release */ = {
			isa = XCBuildConfiguration;
			buildSettings = {
				ASSETCATALOG_COMPILER_APPICON_NAME = AppIcon;
				COMBINE_HIDPI_IMAGES = YES;
				GCC_PRECOMPILE_PREFIX_HEADER = YES;
				GCC_PREFIX_HEADER = "MAMforRS/MAMforRS-Prefix.pch";
				INFOPLIST_FILE = "MAMforRS/MAMforRS-Info.plist";
				MACOSX_DEPLOYMENT_TARGET = 10.9;
				PRODUCT_NAME = "$(TARGET_NAME)";
				WRAPPER_EXTENSION = app;
			};
			name = Release;
		};
		8EA6BCB218D3624C004219F9 /* Debug */ = {
			isa = XCBuildConfiguration;
			buildSettings = {
				BUNDLE_LOADER = "$(BUILT_PRODUCTS_DIR)/MAMforRS.app/Contents/MacOS/MAMforRS";
				COMBINE_HIDPI_IMAGES = YES;
				FRAMEWORK_SEARCH_PATHS = (
					"$(DEVELOPER_FRAMEWORKS_DIR)",
					"$(inherited)",
				);
				GCC_PRECOMPILE_PREFIX_HEADER = YES;
				GCC_PREFIX_HEADER = "MAMforRS/MAMforRS-Prefix.pch";
				GCC_PREPROCESSOR_DEFINITIONS = (
					"DEBUG=1",
					"$(inherited)",
				);
				INFOPLIST_FILE = "MAMforRSTests/MAMforRSTests-Info.plist";
				PRODUCT_NAME = "$(TARGET_NAME)";
				TEST_HOST = "$(BUNDLE_LOADER)";
				WRAPPER_EXTENSION = xctest;
			};
			name = Debug;
		};
		8EA6BCB318D3624C004219F9 /* Release */ = {
			isa = XCBuildConfiguration;
			buildSettings = {
				BUNDLE_LOADER = "$(BUILT_PRODUCTS_DIR)/MAMforRS.app/Contents/MacOS/MAMforRS";
				COMBINE_HIDPI_IMAGES = YES;
				FRAMEWORK_SEARCH_PATHS = (
					"$(DEVELOPER_FRAMEWORKS_DIR)",
					"$(inherited)",
				);
				GCC_PRECOMPILE_PREFIX_HEADER = YES;
				GCC_PREFIX_HEADER = "MAMforRS/MAMforRS-Prefix.pch";
				INFOPLIST_FILE = "MAMforRSTests/MAMforRSTests-Info.plist";
				PRODUCT_NAME = "$(TARGET_NAME)";
				TEST_HOST = "$(BUNDLE_LOADER)";
				WRAPPER_EXTENSION = xctest;
			};
			name = Release;
		};
/* End XCBuildConfiguration section */

/* Begin XCConfigurationList section */
		8EA6BC7818D3624C004219F9 /* Build configuration list for PBXProject "MAMforRS" */ = {
			isa = XCConfigurationList;
			buildConfigurations = (
				8EA6BCAC18D3624C004219F9 /* Debug */,
				8EA6BCAD18D3624C004219F9 /* Release */,
			);
			defaultConfigurationIsVisible = 0;
			defaultConfigurationName = Release;
		};
		8EA6BCAE18D3624C004219F9 /* Build configuration list for PBXNativeTarget "MAMforRS" */ = {
			isa = XCConfigurationList;
			buildConfigurations = (
				8EA6BCAF18D3624C004219F9 /* Debug */,
				8EA6BCB018D3624C004219F9 /* Release */,
			);
			defaultConfigurationIsVisible = 0;
			defaultConfigurationName = Release;
		};
		8EA6BCB118D3624C004219F9 /* Build configuration list for PBXNativeTarget "MAMforRSTests" */ = {
			isa = XCConfigurationList;
			buildConfigurations = (
				8EA6BCB218D3624C004219F9 /* Debug */,
				8EA6BCB318D3624C004219F9 /* Release */,
			);
			defaultConfigurationIsVisible = 0;
			defaultConfigurationName = Release;
		};
/* End XCConfigurationList section */
	};
	rootObject = 8EA6BC7518D3624C004219F9 /* Project object */;
}
